github.com/davron112/flatmap v1.1.2 h1:qljbf27koySDg5P08w0NM92o/N1nBAS/SdKCTK9m6Ws=
github.com/davron112/flatmap v1.1.2/go.mod h1:PJpEl4byWNWeH04k2rV8HeNrD/qGqZOm9O0zGcX0hr0=
github.com/davron112/krakend-ratelimit/v3 v3.1.0 h1:/sZC8ZdgXJ/UY4MnFV0D0f+2Cont3AEYNTEyaOrfFSE=
github.com/davron112/krakend-ratelimit/v3 v3.1.0/go.mod h1:egsfjKeHuNLyOMEMdstGoNrQ1c4Q+ALDclIA/yd0YGs=
github.com/davron112/lura/v2 v2.6.1 h1:wksFhgbsfWSAZFTqpfmReQcFUzipMGqKKgGsKmTiGq0=
github.com/davron112/lura/v2 v2.6.1/go.mod h1:rGfyfvWANZ/uOJTo/vD6Zo+NGCYr+b/QmRSvo8ftN0Q=
github.com/streadway/amqp v0.0.0-20190312223743-14f78b41ce6d h1:ToACqFOOYVdz7PswtVcAawttvtdGlLhoAsXdhYFQeEI=
github.com/streadway/amqp v0.0.0-20190312223743-14f78b41ce6d/go.mod h1:AZpEONHx3DKn8O/DFsRAY58/XVQiIPMTMB1SddzLXVw=
github.com/valyala/fastrand v1.1.0 h1:f+5HkLW4rsgzdNoleUOB69hyT9IlD2ZQh9GyDMfb5G8=
github.com/valyala/fastrand v1.1.0/go.mod h1:HWqCzkrkg6QXT8V2EXWvXCoow7vLwOFN002oeRzjapQ=
golang.org/x/sync v0.1.0 h1:wsuoTGHzEhffawBOhz5CYhcrV4IdKZbEyZjBMuTp12o=
golang.org/x/sync v0.1.0/go.mod h1:RxMgew5VJxzue5/jJTE5uejpjVlOe/izrB70Jof72aM=
golang.org/x/text v0.14.0 h1:ScX5w1eTa3QqT8oi6+ziP7dTV1S2+ALU0bI+0zXKWiQ=
golang.org/x/text v0.14.0/go.mod h1:18ZOQIKpY8NJVqYksKHtTdi31H5itFRjB5/qKTNYzSU=
