github.com/davron112/flatmap v1.1.2 h1:qljbf27koySDg5P08w0NM92o/N1nBAS/SdKCTK9m6Ws=
github.com/davron112/flatmap v1.1.2/go.mod h1:PJpEl4byWNWeH04k2rV8HeNrD/qGqZOm9O0zGcX0hr0=
github.com/krakendio/flatmap v1.1.1 h1:rGBNVpBY0pMk6cLOwerVzoKY4HELnpu0xvqB231lOCQ=
github.com/krakendio/flatmap v1.1.1/go.mod h1:KBuVkiH5BcBFRa5A1HdSHDn8a8LzsyRTKZArX0vqTbo=
github.com/krakendio/krakend-ratelimit/v3 v3.1.0 h1:IcLMVndUYmgRaYHvuK6jrRBXKzWPPHoGAvVxdaFEbX0=
github.com/krakendio/krakend-ratelimit/v3 v3.1.0/go.mod h1:+i3+57TcTDwhoYCp3Sw5nt+kBG1OLMFaYnhru6WQyuw=
github.com/luraproject/lura/v2 v2.6.0 h1:UKZG/xDXgDjgKhLw+OBfZ5hacTps/v3y0VJ9pUq7OB8=
github.com/luraproject/lura/v2 v2.6.0/go.mod h1:TtCVCrb7VHJEnrV3y3CyZlnRpMr562oR11NYcemS5sQ=
github.com/streadway/amqp v0.0.0-20190312223743-14f78b41ce6d h1:ToACqFOOYVdz7PswtVcAawttvtdGlLhoAsXdhYFQeEI=
github.com/streadway/amqp v0.0.0-20190312223743-14f78b41ce6d/go.mod h1:AZpEONHx3DKn8O/DFsRAY58/XVQiIPMTMB1SddzLXVw=
github.com/valyala/fastrand v1.1.0 h1:f+5HkLW4rsgzdNoleUOB69hyT9IlD2ZQh9GyDMfb5G8=
github.com/valyala/fastrand v1.1.0/go.mod h1:HWqCzkrkg6QXT8V2EXWvXCoow7vLwOFN002oeRzjapQ=
golang.org/x/sync v0.0.0-20210220032951-036812b2e83c h1:5KslGYwFpkhGh+Q16bwMP3cOontH8FOep7tGV86Y7SQ=
golang.org/x/sync v0.0.0-20210220032951-036812b2e83c/go.mod h1:RxMgew5VJxzue5/jJTE5uejpjVlOe/izrB70Jof72aM=
golang.org/x/text v0.14.0 h1:ScX5w1eTa3QqT8oi6+ziP7dTV1S2+ALU0bI+0zXKWiQ=
golang.org/x/text v0.14.0/go.mod h1:18ZOQIKpY8NJVqYksKHtTdi31H5itFRjB5/qKTNYzSU=
