github.com/davron112/flatmap v1.1.1 h1:1bNL9LSmZFD6BoX+iKS6KMuCiKWrWF2ZlXgYH2CiSZM=
github.com/davron112/flatmap v1.1.1/go.mod h1:PJpEl4byWNWeH04k2rV8HeNrD/qGqZOm9O0zGcX0hr0=
github.com/davron112/krakend-ratelimit/v3 v3.1.0 h1:/sZC8ZdgXJ/UY4MnFV0D0f+2Cont3AEYNTEyaOrfFSE=
github.com/davron112/krakend-ratelimit/v3 v3.1.0/go.mod h1:egsfjKeHuNLyOMEMdstGoNrQ1c4Q+ALDclIA/yd0YGs=
github.com/davron112/lura/v2 v2.2.8 h1:DevhQi6Ff3AUadY+obkGSM/8LQAQo2E3zxiMX3RO8MI=
github.com/davron112/lura/v2 v2.2.8/go.mod h1:SdSBURsurbolspPZdKRLQD5osF4KxjFDIRnA0QjxOoA=
github.com/streadway/amqp v0.0.0-20190312223743-14f78b41ce6d h1:ToACqFOOYVdz7PswtVcAawttvtdGlLhoAsXdhYFQeEI=
github.com/streadway/amqp v0.0.0-20190312223743-14f78b41ce6d/go.mod h1:AZpEONHx3DKn8O/DFsRAY58/XVQiIPMTMB1SddzLXVw=
github.com/valyala/fastrand v1.1.0 h1:f+5HkLW4rsgzdNoleUOB69hyT9IlD2ZQh9GyDMfb5G8=
github.com/valyala/fastrand v1.1.0/go.mod h1:HWqCzkrkg6QXT8V2EXWvXCoow7vLwOFN002oeRzjapQ=
golang.org/x/sync v0.0.0-20210220032951-036812b2e83c h1:5KslGYwFpkhGh+Q16bwMP3cOontH8FOep7tGV86Y7SQ=
golang.org/x/sync v0.0.0-20210220032951-036812b2e83c/go.mod h1:RxMgew5VJxzue5/jJTE5uejpjVlOe/izrB70Jof72aM=
golang.org/x/text v0.13.0 h1:ablQoSUd0tRdKxZewP80B+BaqeKJuVhuRxj/dkrun3k=
golang.org/x/text v0.13.0/go.mod h1:TvPlkZtksWOMsz7fbANvkp4WM8x/WCo/om8BMLbz+aE=
